
Microsoft Visual Studio Solution File, Format Version 12.00
# Visual Studio Version 17
VisualStudioVersion = 17.8.34330.188
MinimumVisualStudioVersion = 10.0.40219.1
Project("{FAE04EC0-301F-11D3-BF4B-00C04F79EFBC}") = "DataAccessLibrary", "DataAccessLibrary.csproj", "{E0E55AEF-905E-4A40-B08E-BE8927C9F927}"
EndProject
Project("{FAE04EC0-301F-11D3-BF4B-00C04F79EFBC}") = "PresentationLogicLibrary", "..\PresentationLogicLibrary\PresentationLogicLibrary.csproj", "{26F394D1-0DD4-482F-AF01-87F31AC174D0}"
EndProject
Project("{FAE04EC0-301F-11D3-BF4B-00C04F79EFBC}") = "BusinessLogicLibrary", "..\BusinessLogicLibrary\BusinessLogicLibrary.csproj", "{58545DAA-61B9-4665-B96A-DDEF199254E5}"
EndProject
Project("{FAE04EC0-301F-11D3-BF4B-00C04F79EFBC}") = "UI", "..\UI\UI.csproj", "{F0EBDF4B-2B28-4EF7-AD7F-9A40A555B5C9}"
EndProject
Global
	GlobalSection(SolutionConfigurationPlatforms) = preSolution
		Debug|Any CPU = Debug|Any CPU
		Release|Any CPU = Release|Any CPU
	EndGlobalSection
	GlobalSection(ProjectConfigurationPlatforms) = postSolution
		{E0E55AEF-905E-4A40-B08E-BE8927C9F927}.Debug|Any CPU.ActiveCfg = Debug|Any CPU
		{E0E55AEF-905E-4A40-B08E-BE8927C9F927}.Debug|Any CPU.Build.0 = Debug|Any CPU
		{E0E55AEF-905E-4A40-B08E-BE8927C9F927}.Release|Any CPU.ActiveCfg = Release|Any CPU
		{E0E55AEF-905E-4A40-B08E-BE8927C9F927}.Release|Any CPU.Build.0 = Release|Any CPU
		{26F394D1-0DD4-482F-AF01-87F31AC174D0}.Debug|Any CPU.ActiveCfg = Debug|Any CPU
		{26F394D1-0DD4-482F-AF01-87F31AC174D0}.Debug|Any CPU.Build.0 = Debug|Any CPU
		{26F394D1-0DD4-482F-AF01-87F31AC174D0}.Release|Any CPU.ActiveCfg = Release|Any CPU
		{26F394D1-0DD4-482F-AF01-87F31AC174D0}.Release|Any CPU.Build.0 = Release|Any CPU
		{58545DAA-61B9-4665-B96A-DDEF199254E5}.Debug|Any CPU.ActiveCfg = Debug|Any CPU
		{58545DAA-61B9-4665-B96A-DDEF199254E5}.Debug|Any CPU.Build.0 = Debug|Any CPU
		{58545DAA-61B9-4665-B96A-DDEF199254E5}.Release|Any CPU.ActiveCfg = Release|Any CPU
		{58545DAA-61B9-4665-B96A-DDEF199254E5}.Release|Any CPU.Build.0 = Release|Any CPU
		{F0EBDF4B-2B28-4EF7-AD7F-9A40A555B5C9}.Debug|Any CPU.ActiveCfg = Debug|Any CPU
		{F0EBDF4B-2B28-4EF7-AD7F-9A40A555B5C9}.Debug|Any CPU.Build.0 = Debug|Any CPU
		{F0EBDF4B-2B28-4EF7-AD7F-9A40A555B5C9}.Release|Any CPU.ActiveCfg = Release|Any CPU
		{F0EBDF4B-2B28-4EF7-AD7F-9A40A555B5C9}.Release|Any CPU.Build.0 = Release|Any CPU
	EndGlobalSection
	GlobalSection(SolutionProperties) = preSolution
		HideSolutionNode = FALSE
	EndGlobalSection
	GlobalSection(ExtensibilityGlobals) = postSolution
		SolutionGuid = {D8CD82A7-D913-4FC0-9511-475B43861D61}
	EndGlobalSection
EndGlobal
